// !$*UTF8*$!
{
	archiveVersion = 1;
	classes = {
	};
	objectVersion = 46;
	objects = {

/* Begin PBXBuildFile section */
		F090AD371A7A332C003DEB59 /* Foundation.framework in Frameworks */ = {isa = PBXBuildFile; fileRef = F090AD361A7A332C003DEB59 /* Foundation.framework */; };
		F090AD391A7A332C003DEB59 /* CoreGraphics.framework in Frameworks */ = {isa = PBXBuildFile; fileRef = F090AD381A7A332C003DEB59 /* CoreGraphics.framework */; };
		F090AD3B1A7A332C003DEB59 /* UIKit.framework in Frameworks */ = {isa = PBXBuildFile; fileRef = F090AD3A1A7A332C003DEB59 /* UIKit.framework */; };
		F090AD411A7A332C003DEB59 /* InfoPlist.strings in Resources */ = {isa = PBXBuildFile; fileRef = F090AD3F1A7A332C003DEB59 /* InfoPlist.strings */; };
		F090AD431A7A332C003DEB59 /* main.m in Sources */ = {isa = PBXBuildFile; fileRef = F090AD421A7A332C003DEB59 /* main.m */; };
		F090AD471A7A332C003DEB59 /* AppDelegate.m in Sources */ = {isa = PBXBuildFile; fileRef = F090AD461A7A332C003DEB59 /* AppDelegate.m */; };
		F090AD491A7A332C003DEB59 /* Images.xcassets in Resources */ = {isa = PBXBuildFile; fileRef = F090AD481A7A332C003DEB59 /* Images.xcassets */; };
		F090AD501A7A332C003DEB59 /* XCTest.framework in Frameworks */ = {isa = PBXBuildFile; fileRef = F090AD4F1A7A332C003DEB59 /* XCTest.framework */; };
		F090AD511A7A332C003DEB59 /* Foundation.framework in Frameworks */ = {isa = PBXBuildFile; fileRef = F090AD361A7A332C003DEB59 /* Foundation.framework */; };
		F090AD521A7A332C003DEB59 /* UIKit.framework in Frameworks */ = {isa = PBXBuildFile; fileRef = F090AD3A1A7A332C003DEB59 /* UIKit.framework */; };
		F090AD5A1A7A332C003DEB59 /* InfoPlist.strings in Resources */ = {isa = PBXBuildFile; fileRef = F090AD581A7A332C003DEB59 /* InfoPlist.strings */; };
		F090AD5C1A7A332C003DEB59 /* dateDemoTests.m in Sources */ = {isa = PBXBuildFile; fileRef = F090AD5B1A7A332C003DEB59 /* dateDemoTests.m */; };
/* End PBXBuildFile section */

/* Begin PBXContainerItemProxy section */
		F090AD531A7A332C003DEB59 /* PBXContainerItemProxy */ = {
			isa = PBXContainerItemProxy;
			containerPortal = F090AD2B1A7A332C003DEB59 /* Project object */;
			proxyType = 1;
			remoteGlobalIDString = F090AD321A7A332C003DEB59;
			remoteInfo = dateDemo;
		};
/* End PBXContainerItemProxy section */

/* Begin PBXFileReference section */
		F090AD331A7A332C003DEB59 /* dateDemo.app */ = {isa = PBXFileReference; explicitFileType = wrapper.application; includeInIndex = 0; path = dateDemo.app; sourceTree = BUILT_PRODUCTS_DIR; };
		F090AD361A7A332C003DEB59 /* Foundation.framework */ = {isa = PBXFileReference; lastKnownFileType = wrapper.framework; name = Foundation.framework; path = System/Library/Frameworks/Foundation.framework; sourceTree = SDKROOT; };
		F090AD381A7A332C003DEB59 /* CoreGraphics.framework */ = {isa = PBXFileReference; lastKnownFileType = wrapper.framework; name = CoreGraphics.framework; path = System/Library/Frameworks/CoreGraphics.framework; sourceTree = SDKROOT; };
		F090AD3A1A7A332C003DEB59 /* UIKit.framework */ = {isa = PBXFileReference; lastKnownFileType = wrapper.framework; name = UIKit.framework; path = System/Library/Frameworks/UIKit.framework; sourceTree = SDKROOT; };
		F090AD3E1A7A332C003DEB59 /* dateDemo-Info.plist */ = {isa = PBXFileReference; lastKnownFileType = text.plist.xml; path = "dateDemo-Info.plist"; sourceTree = "<group>"; };
		F090AD401A7A332C003DEB59 /* en */ = {isa = PBXFileReference; lastKnownFileType = text.plist.strings; name = en; path = en.lproj/InfoPlist.strings; sourceTree = "<group>"; };
		F090AD421A7A332C003DEB59 /* main.m */ = {isa = PBXFileReference; lastKnownFileType = sourcecode.c.objc; path = main.m; sourceTree = "<group>"; };
		F090AD441A7A332C003DEB59 /* dateDemo-Prefix.pch */ = {isa = PBXFileReference; lastKnownFileType = sourcecode.c.h; path = "dateDemo-Prefix.pch"; sourceTree = "<group>"; };
		F090AD451A7A332C003DEB59 /* AppDelegate.h */ = {isa = PBXFileReference; lastKnownFileType = sourcecode.c.h; path = AppDelegate.h; sourceTree = "<group>"; };
		F090AD461A7A332C003DEB59 /* AppDelegate.m */ = {isa = PBXFileReference; lastKnownFileType = sourcecode.c.objc; path = AppDelegate.m; sourceTree = "<group>"; };
		F090AD481A7A332C003DEB59 /* Images.xcassets */ = {isa = PBXFileReference; lastKnownFileType = folder.assetcatalog; path = Images.xcassets; sourceTree = "<group>"; };
		F090AD4E1A7A332C003DEB59 /* dateDemoTests.xctest */ = {isa = PBXFileReference; explicitFileType = wrapper.cfbundle; includeInIndex = 0; path = dateDemoTests.xctest; sourceTree = BUILT_PRODUCTS_DIR; };
		F090AD4F1A7A332C003DEB59 /* XCTest.framework */ = {isa = PBXFileReference; lastKnownFileType = wrapper.framework; name = XCTest.framework; path = Library/Frameworks/XCTest.framework; sourceTree = DEVELOPER_DIR; };
		F090AD571A7A332C003DEB59 /* dateDemoTests-Info.plist */ = {isa = PBXFileReference; lastKnownFileType = text.plist.xml; path = "dateDemoTests-Info.plist"; sourceTree = "<group>"; };
		F090AD591A7A332C003DEB59 /* en */ = {isa = PBXFileReference; lastKnownFileType = text.plist.strings; name = en; path = en.lproj/InfoPlist.strings; sourceTree = "<group>"; };
		F090AD5B1A7A332C003DEB59 /* dateDemoTests.m */ = {isa = PBXFileReference; lastKnownFileType = sourcecode.c.objc; path = dateDemoTests.m; sourceTree = "<group>"; };
/* End PBXFileReference section */

/* Begin PBXFrameworksBuildPhase section */
		F090AD301A7A332C003DEB59 /* Frameworks */ = {
			isa = PBXFrameworksBuildPhase;
			buildActionMask = 2147483647;
			files = (
				F090AD391A7A332C003DEB59 /* CoreGraphics.framework in Frameworks */,
				F090AD3B1A7A332C003DEB59 /* UIKit.framework in Frameworks */,
				F090AD371A7A332C003DEB59 /* Foundation.framework in Frameworks */,
			);
			runOnlyForDeploymentPostprocessing = 0;
		};
		F090AD4B1A7A332C003DEB59 /* Frameworks */ = {
			isa = PBXFrameworksBuildPhase;
			buildActionMask = 2147483647;
			files = (
				F090AD501A7A332C003DEB59 /* XCTest.framework in Frameworks */,
				F090AD521A7A332C003DEB59 /* UIKit.framework in Frameworks */,
				F090AD511A7A332C003DEB59 /* Foundation.framework in Frameworks */,
			);
			runOnlyForDeploymentPostprocessing = 0;
		};
/* End PBXFrameworksBuildPhase section */

/* Begin PBXGroup section */
		F090AD2A1A7A332C003DEB59 = {
			isa = PBXGroup;
			children = (
				F090AD3C1A7A332C003DEB59 /* dateDemo */,
				F090AD551A7A332C003DEB59 /* dateDemoTests */,
				F090AD351A7A332C003DEB59 /* Frameworks */,
				F090AD341A7A332C003DEB59 /* Products */,
			);
			sourceTree = "<group>";
		};
		F090AD341A7A332C003DEB59 /* Products */ = {
			isa = PBXGroup;
			children = (
				F090AD331A7A332C003DEB59 /* dateDemo.app */,
				F090AD4E1A7A332C003DEB59 /* dateDemoTests.xctest */,
			);
			name = Products;
			sourceTree = "<group>";
		};
		F090AD351A7A332C003DEB59 /* Frameworks */ = {
			isa = PBXGroup;
			children = (
				F090AD361A7A332C003DEB59 /* Foundation.framework */,
				F090AD381A7A332C003DEB59 /* CoreGraphics.framework */,
				F090AD3A1A7A332C003DEB59 /* UIKit.framework */,
				F090AD4F1A7A332C003DEB59 /* XCTest.framework */,
			);
			name = Frameworks;
			sourceTree = "<group>";
		};
		F090AD3C1A7A332C003DEB59 /* dateDemo */ = {
			isa = PBXGroup;
			children = (
				F090AD451A7A332C003DEB59 /* AppDelegate.h */,
				F090AD461A7A332C003DEB59 /* AppDelegate.m */,
				F090AD481A7A332C003DEB59 /* Images.xcassets */,
				F090AD3D1A7A332C003DEB59 /* Supporting Files */,
			);
			path = dateDemo;
			sourceTree = "<group>";
		};
		F090AD3D1A7A332C003DEB59 /* Supporting Files */ = {
			isa = PBXGroup;
			children = (
				F090AD3E1A7A332C003DEB59 /* dateDemo-Info.plist */,
				F090AD3F1A7A332C003DEB59 /* InfoPlist.strings */,
				F090AD421A7A332C003DEB59 /* main.m */,
				F090AD441A7A332C003DEB59 /* dateDemo-Prefix.pch */,
			);
			name = "Supporting Files";
			sourceTree = "<group>";
		};
		F090AD551A7A332C003DEB59 /* dateDemoTests */ = {
			isa = PBXGroup;
			children = (
				F090AD5B1A7A332C003DEB59 /* dateDemoTests.m */,
				F090AD561A7A332C003DEB59 /* Supporting Files */,
			);
			path = dateDemoTests;
			sourceTree = "<group>";
		};
		F090AD561A7A332C003DEB59 /* Supporting Files */ = {
			isa = PBXGroup;
			children = (
				F090AD571A7A332C003DEB59 /* dateDemoTests-Info.plist */,
				F090AD581A7A332C003DEB59 /* InfoPlist.strings */,
			);
			name = "Supporting Files";
			sourceTree = "<group>";
		};
/* End PBXGroup section */

/* Begin PBXNativeTarget section */
		F090AD321A7A332C003DEB59 /* dateDemo */ = {
			isa = PBXNativeTarget;
			buildConfigurationList = F090AD5F1A7A332C003DEB59 /* Build configuration list for PBXNativeTarget "dateDemo" */;
			buildPhases = (
				F090AD2F1A7A332C003DEB59 /* Sources */,
				F090AD301A7A332C003DEB59 /* Frameworks */,
				F090AD311A7A332C003DEB59 /* Resources */,
			);
			buildRules = (
			);
			dependencies = (
			);
			name = dateDemo;
			productName = dateDemo;
			productReference = F090AD331A7A332C003DEB59 /* dateDemo.app */;
			productType = "com.apple.product-type.application";
		};
		F090AD4D1A7A332C003DEB59 /* dateDemoTests */ = {
			isa = PBXNativeTarget;
			buildConfigurationList = F090AD621A7A332C003DEB59 /* Build configuration list for PBXNativeTarget "dateDemoTests" */;
			buildPhases = (
				F090AD4A1A7A332C003DEB59 /* Sources */,
				F090AD4B1A7A332C003DEB59 /* Frameworks */,
				F090AD4C1A7A332C003DEB59 /* Resources */,
			);
			buildRules = (
			);
			dependencies = (
				F090AD541A7A332C003DEB59 /* PBXTargetDependency */,
			);
			name = dateDemoTests;
			productName = dateDemoTests;
			productReference = F090AD4E1A7A332C003DEB59 /* dateDemoTests.xctest */;
			productType = "com.apple.product-type.bundle.unit-test";
		};
/* End PBXNativeTarget section */

/* Begin PBXProject section */
		F090AD2B1A7A332C003DEB59 /* Project object */ = {
			isa = PBXProject;
			attributes = {
				LastUpgradeCheck = 0510;
				ORGANIZATIONNAME = shuzhenguo;
				TargetAttributes = {
					F090AD4D1A7A332C003DEB59 = {
						TestTargetID = F090AD321A7A332C003DEB59;
					};
				};
			};
			buildConfigurationList = F090AD2E1A7A332C003DEB59 /* Build configuration list for PBXProject "dateDemo" */;
			compatibilityVersion = "Xcode 3.2";
			developmentRegion = English;
			hasScannedForEncodings = 0;
			knownRegions = (
				en,
			);
			mainGroup = F090AD2A1A7A332C003DEB59;
			productRefGroup = F090AD341A7A332C003DEB59 /* Products */;
			projectDirPath = "";
			projectRoot = "";
			targets = (
				F090AD321A7A332C003DEB59 /* dateDemo */,
				F090AD4D1A7A332C003DEB59 /* dateDemoTests */,
			);
		};
/* End PBXProject section */

/* Begin PBXResourcesBuildPhase section */
		F090AD311A7A332C003DEB59 /* Resources */ = {
			isa = PBXResourcesBuildPhase;
			buildActionMask = 2147483647;
			files = (
				F090AD411A7A332C003DEB59 /* InfoPlist.strings in Resources */,
				F090AD491A7A332C003DEB59 /* Images.xcassets in Resources */,
			);
			runOnlyForDeploymentPostprocessing = 0;
		};
		F090AD4C1A7A332C003DEB59 /* Resources */ = {
			isa = PBXResourcesBuildPhase;
			buildActionMask = 2147483647;
			files = (
				F090AD5A1A7A332C003DEB59 /* InfoPlist.strings in Resources */,
			);
			runOnlyForDeploymentPostprocessing = 0;
		};
/* End PBXResourcesBuildPhase section */

/* Begin PBXSourcesBuildPhase section */
		F090AD2F1A7A332C003DEB59 /* Sources */ = {
			isa = PBXSourcesBuildPhase;
			buildActionMask = 2147483647;
			files = (
				F090AD471A7A332C003DEB59 /* AppDelegate.m in Sources */,
				F090AD431A7A332C003DEB59 /* main.m in Sources */,
			);
			runOnlyForDeploymentPostprocessing = 0;
		};
		F090AD4A1A7A332C003DEB59 /* Sources */ = {
			isa = PBXSourcesBuildPhase;
			buildActionMask = 2147483647;
			files = (
				F090AD5C1A7A332C003DEB59 /* dateDemoTests.m in Sources */,
			);
			runOnlyForDeploymentPostprocessing = 0;
		};
/* End PBXSourcesBuildPhase section */

/* Begin PBXTargetDependency section */
		F090AD541A7A332C003DEB59 /* PBXTargetDependency */ = {
			isa = PBXTargetDependency;
			target = F090AD321A7A332C003DEB59 /* dateDemo */;
			targetProxy = F090AD531A7A332C003DEB59 /* PBXContainerItemProxy */;
		};
/* End PBXTargetDependency section */

/* Begin PBXVariantGroup section */
		F090AD3F1A7A332C003DEB59 /* InfoPlist.strings */ = {
			isa = PBXVariantGroup;
			children = (
				F090AD401A7A332C003DEB59 /* en */,
			);
			name = InfoPlist.strings;
			sourceTree = "<group>";
		};
		F090AD581A7A332C003DEB59 /* InfoPlist.strings */ = {
			isa = PBXVariantGroup;
			children = (
				F090AD591A7A332C003DEB59 /* en */,
			);
			name = InfoPlist.strings;
			sourceTree = "<group>";
		};
/* End PBXVariantGroup section */

/* Begin XCBuildConfiguration section */
		F090AD5D1A7A332C003DEB59 /* Debug */ = {
			isa = XCBuildConfiguration;
			buildSettings = {
				ALWAYS_SEARCH_USER_PATHS = NO;
				CLANG_CXX_LANGUAGE_STANDARD = "gnu++0x";
				CLANG_CXX_LIBRARY = "libc++";
				CLANG_ENABLE_MODULES = YES;
				CLANG_ENABLE_OBJC_ARC = YES;
				CLANG_WARN_BOOL_CONVERSION = YES;
				CLANG_WARN_CONSTANT_CONVERSION = YES;
				CLANG_WARN_DIRECT_OBJC_ISA_USAGE = YES_ERROR;
				CLANG_WARN_EMPTY_BODY = YES;
				CLANG_WARN_ENUM_CONVERSION = YES;
				CLANG_WARN_INT_CONVERSION = YES;
				CLANG_WARN_OBJC_ROOT_CLASS = YES_ERROR;
				CLANG_WARN__DUPLICATE_METHOD_MATCH = YES;
				"CODE_SIGN_IDENTITY[sdk=iphoneos*]" = "iPhone Developer";
				COPY_PHASE_STRIP = NO;
				GCC_C_LANGUAGE_STANDARD = gnu99;
				GCC_DYNAMIC_NO_PIC = NO;
				GCC_OPTIMIZATION_LEVEL = 0;
				GCC_PREPROCESSOR_DEFINITIONS = (
					"DEBUG=1",
					"$(inherited)",
				);
				GCC_SYMBOLS_PRIVATE_EXTERN = NO;
				GCC_WARN_64_TO_32_BIT_CONVERSION = YES;
				GCC_WARN_ABOUT_RETURN_TYPE = YES_ERROR;
				GCC_WARN_UNDECLARED_SELECTOR = YES;
				GCC_WARN_UNINITIALIZED_AUTOS = YES_AGGRESSIVE;
				GCC_WARN_UNUSED_FUNCTION = YES;
				GCC_WARN_UNUSED_VARIABLE = YES;
				IPHONEOS_DEPLOYMENT_TARGET = 7.1;
				ONLY_ACTIVE_ARCH = YES;
				SDKROOT = iphoneos;
				TARGETED_DEVICE_FAMILY = "1,2";
			};
			name = Debug;
		};
		F090AD5E1A7A332C003DEB59 /* Release */ = {
			isa = XCBuildConfiguration;
			buildSettings = {
				ALWAYS_SEARCH_USER_PATHS = NO;
				CLANG_CXX_LANGUAGE_STANDARD = "gnu++0x";
				CLANG_CXX_LIBRARY = "libc++";
				CLANG_ENABLE_MODULES = YES;
				CLANG_ENABLE_OBJC_ARC = YES;
				CLANG_WARN_BOOL_CONVERSION = YES;
				CLANG_WARN_CONSTANT_CONVERSION = YES;
				CLANG_WARN_DIRECT_OBJC_ISA_USAGE = YES_ERROR;
				CLANG_WARN_EMPTY_BODY = YES;
				CLANG_WARN_ENUM_CONVERSION = YES;
				CLANG_WARN_INT_CONVERSION = YES;
				CLANG_WARN_OBJC_ROOT_CLASS = YES_ERROR;
				CLANG_WARN__DUPLICATE_METHOD_MATCH = YES;
				"CODE_SIGN_IDENTITY[sdk=iphoneos*]" = "iPhone Developer";
				COPY_PHASE_STRIP = YES;
				ENABLE_NS_ASSERTIONS = NO;
				GCC_C_LANGUAGE_STANDARD = gnu99;
				GCC_WARN_64_TO_32_BIT_CONVERSION = YES;
				GCC_WARN_ABOUT_RETURN_TYPE = YES_ERROR;
				GCC_WARN_UNDECLARED_SELECTOR = YES;
				GCC_WARN_UNINITIALIZED_AUTOS = YES_AGGRESSIVE;
				GCC_WARN_UNUSED_FUNCTION = YES;
				GCC_WARN_UNUSED_VARIABLE = YES;
				IPHONEOS_DEPLOYMENT_TARGET = 7.1;
				SDKROOT = iphoneos;
				TARGETED_DEVICE_FAMILY = "1,2";
				VALIDATE_PRODUCT = YES;
			};
			name = Release;
		};
		F090AD601A7A332C003DEB59 /* Debug */ = {
			isa = XCBuildConfiguration;
			buildSettings = {
				ASSETCATALOG_COMPILER_APPICON_NAME = AppIcon;
				ASSETCATALOG_COMPILER_LAUNCHIMAGE_NAME = LaunchImage;
				GCC_PRECOMPILE_PREFIX_HEADER = YES;
				GCC_PREFIX_HEADER = "dateDemo/dateDemo-Prefix.pch";
				INFOPLIST_FILE = "dateDemo/dateDemo-Info.plist";
				PRODUCT_NAME = "$(TARGET_NAME)";
				WRAPPER_EXTENSION = app;
			};
			name = Debug;
		};
		F090AD611A7A332C003DEB59 /* Release */ = {
			isa = XCBuildConfiguration;
			buildSettings = {
				ASSETCATALOG_COMPILER_APPICON_NAME = AppIcon;
				ASSETCATALOG_COMPILER_LAUNCHIMAGE_NAME = LaunchImage;
				GCC_PRECOMPILE_PREFIX_HEADER = YES;
				GCC_PREFIX_HEADER = "dateDemo/dateDemo-Prefix.pch";
				INFOPLIST_FILE = "dateDemo/dateDemo-Info.plist";
				PRODUCT_NAME = "$(TARGET_NAME)";
				WRAPPER_EXTENSION = app;
			};
			name = Release;
		};
		F090AD631A7A332C003DEB59 /* Debug */ = {
			isa = XCBuildConfiguration;
			buildSettings = {
				BUNDLE_LOADER = "$(BUILT_PRODUCTS_DIR)/dateDemo.app/dateDemo";
				FRAMEWORK_SEARCH_PATHS = (
					"$(SDKROOT)/Developer/Library/Frameworks",
					"$(inherited)",
					"$(DEVELOPER_FRAMEWORKS_DIR)",
				);
				GCC_PRECOMPILE_PREFIX_HEADER = YES;
				GCC_PREFIX_HEADER = "dateDemo/dateDemo-Prefix.pch";
				GCC_PREPROCESSOR_DEFINITIONS = (
					"DEBUG=1",
					"$(inherited)",
				);
				INFOPLIST_FILE = "dateDemoTests/dateDemoTests-Info.plist";
				PRODUCT_NAME = "$(TARGET_NAME)";
				TEST_HOST = "$(BUNDLE_LOADER)";
				WRAPPER_EXTENSION = xctest;
			};
			name = Debug;
		};
		F090AD641A7A332C003DEB59 /* Release */ = {
			isa = XCBuildConfiguration;
			buildSettings = {
				BUNDLE_LOADER = "$(BUILT_PRODUCTS_DIR)/dateDemo.app/dateDemo";
				FRAMEWORK_SEARCH_PATHS = (
					"$(SDKROOT)/Developer/Library/Frameworks",
					"$(inherited)",
					"$(DEVELOPER_FRAMEWORKS_DIR)",
				);
				GCC_PRECOMPILE_PREFIX_HEADER = YES;
				GCC_PREFIX_HEADER = "dateDemo/dateDemo-Prefix.pch";
				INFOPLIST_FILE = "dateDemoTests/dateDemoTests-Info.plist";
				PRODUCT_NAME = "$(TARGET_NAME)";
				TEST_HOST = "$(BUNDLE_LOADER)";
				WRAPPER_EXTENSION = xctest;
			};
			name = Release;
		};
/* End XCBuildConfiguration section */

/* Begin XCConfigurationList section */
		F090AD2E1A7A332C003DEB59 /* Build configuration list for PBXProject "dateDemo" */ = {
			isa = XCConfigurationList;
			buildConfigurations = (
				F090AD5D1A7A332C003DEB59 /* Debug */,
				F090AD5E1A7A332C003DEB59 /* Release */,
			);
			defaultConfigurationIsVisible = 0;
			defaultConfigurationName = Release;
		};
		F090AD5F1A7A332C003DEB59 /* Build configuration list for PBXNativeTarget "dateDemo" */ = {
			isa = XCConfigurationList;
			buildConfigurations = (
				F090AD601A7A332C003DEB59 /* Debug */,
				F090AD611A7A332C003DEB59 /* Release */,
			);
			defaultConfigurationIsVisible = 0;
		};
		F090AD621A7A332C003DEB59 /* Build configuration list for PBXNativeTarget "dateDemoTests" */ = {
			isa = XCConfigurationList;
			buildConfigurations = (
				F090AD631A7A332C003DEB59 /* Debug */,
				F090AD641A7A332C003DEB59 /* Release */,
			);
			defaultConfigurationIsVisible = 0;
		};
/* End XCConfigurationList section */
	};
	rootObject = F090AD2B1A7A332C003DEB59 /* Project object */;
}
